// !$*UTF8*$!
{
	archiveVersion = 1;
	classes = {
	};
	objectVersion = 77;
	objects = {

/* Begin PBXBuildFile section */
		D435C3B72D64AF3700DE9121 /* OnboardKit in Frameworks */ = {isa = PBXBuildFile; productRef = D435C3B62D64AF3700DE9121 /* OnboardKit */; };
		D47F62F52DEF3A6F005C1716 /* GoogleMobileAds in Frameworks */ = {isa = PBXBuildFile; productRef = D47F62F42DEF3A6F005C1716 /* GoogleMobileAds */; };
		D47F62F82DEF4B20005C1716 /* StoreKit.framework in Frameworks */ = {isa = PBXBuildFile; fileRef = D47F62F72DEF4B20005C1716 /* StoreKit.framework */; };
		D49428C62DF0BAEF00C94BDA /* AppTrackingTransparency.framework in Frameworks */ = {isa = PBXBuildFile; fileRef = D49428C52DF0BAEF00C94BDA /* AppTrackingTransparency.framework */; };
		D49428C92DF0BE8800C94BDA /* GoogleUserMessagingPlatform in Frameworks */ = {isa = PBXBuildFile; productRef = D49428C82DF0BE8800C94BDA /* GoogleUserMessagingPlatform */; };
/* End PBXBuildFile section */

/* Begin PBXContainerItemProxy section */
		D486EDC42D6619B4003877EA /* PBXContainerItemProxy */ = {
			isa = PBXContainerItemProxy;
			containerPortal = D4AA3D9A2D22B64200DA70F3 /* Project object */;
			proxyType = 1;
			remoteGlobalIDString = D4AA3DA12D22B64200DA70F3;
			remoteInfo = CyberGrid;
		};
/* End PBXContainerItemProxy section */

/* Begin PBXFileReference section */
		D47F62F72DEF4B20005C1716 /* StoreKit.framework */ = {isa = PBXFileReference; lastKnownFileType = wrapper.framework; name = StoreKit.framework; path = System/Library/Frameworks/StoreKit.framework; sourceTree = SDKROOT; };
		D486EDC02D6619B4003877EA /* CyberGridTests.xctest */ = {isa = PBXFileReference; explicitFileType = wrapper.cfbundle; includeInIndex = 0; path = CyberGridTests.xctest; sourceTree = BUILT_PRODUCTS_DIR; };
		D49428C52DF0BAEF00C94BDA /* AppTrackingTransparency.framework */ = {isa = PBXFileReference; lastKnownFileType = wrapper.framework; name = AppTrackingTransparency.framework; path = System/Library/Frameworks/AppTrackingTransparency.framework; sourceTree = SDKROOT; };
		D4AA3DA22D22B64200DA70F3 /* CyberGrid.app */ = {isa = PBXFileReference; explicitFileType = wrapper.application; includeInIndex = 0; path = CyberGrid.app; sourceTree = BUILT_PRODUCTS_DIR; };
/* End PBXFileReference section */

/* Begin PBXFileSystemSynchronizedBuildFileExceptionSet section */
		D4415A502D245523001F2818 /* Exceptions for "CyberGrid" folder in "CyberGrid" target */ = {
			isa = PBXFileSystemSynchronizedBuildFileExceptionSet;
			membershipExceptions = (
				Info.plist,
			);
			target = D4AA3DA12D22B64200DA70F3 /* CyberGrid */;
		};
/* End PBXFileSystemSynchronizedBuildFileExceptionSet section */

/* Begin PBXFileSystemSynchronizedRootGroup section */
		D486EDC12D6619B4003877EA /* CyberGridTests */ = {
			isa = PBXFileSystemSynchronizedRootGroup;
			path = CyberGridTests;
			sourceTree = "<group>";
		};
		D4AA3DA42D22B64200DA70F3 /* CyberGrid */ = {
			isa = PBXFileSystemSynchronizedRootGroup;
			exceptions = (
				D4415A502D245523001F2818 /* Exceptions for "CyberGrid" folder in "CyberGrid" target */,
			);
			path = CyberGrid;
			sourceTree = "<group>";
		};
/* End PBXFileSystemSynchronizedRootGroup section */

/* Begin PBXFrameworksBuildPhase section */
		D486EDBD2D6619B4003877EA /* Frameworks */ = {
			isa = PBXFrameworksBuildPhase;
			buildActionMask = 2147483647;
			files = (
			);
			runOnlyForDeploymentPostprocessing = 0;
		};
		D4AA3D9F2D22B64200DA70F3 /* Frameworks */ = {
			isa = PBXFrameworksBuildPhase;
			buildActionMask = 2147483647;
			files = (
				D47F62F82DEF4B20005C1716 /* StoreKit.framework in Frameworks */,
				D49428C92DF0BE8800C94BDA /* GoogleUserMessagingPlatform in Frameworks */,
				D49428C62DF0BAEF00C94BDA /* AppTrackingTransparency.framework in Frameworks */,
				D47F62F52DEF3A6F005C1716 /* GoogleMobileAds in Frameworks */,
				D435C3B72D64AF3700DE9121 /* OnboardKit in Frameworks */,
			);
			runOnlyForDeploymentPostprocessing = 0;
		};
/* End PBXFrameworksBuildPhase section */

/* Begin PBXGroup section */
		D47F62F62DEF4B20005C1716 /* Frameworks */ = {
			isa = PBXGroup;
			children = (
				D49428C52DF0BAEF00C94BDA /* AppTrackingTransparency.framework */,
				D47F62F72DEF4B20005C1716 /* StoreKit.framework */,
			);
			name = Frameworks;
			sourceTree = "<group>";
		};
		D4AA3D992D22B64200DA70F3 = {
			isa = PBXGroup;
			children = (
				D4AA3DA42D22B64200DA70F3 /* CyberGrid */,
				D486EDC12D6619B4003877EA /* CyberGridTests */,
				D47F62F62DEF4B20005C1716 /* Frameworks */,
				D4AA3DA32D22B64200DA70F3 /* Products */,
			);
			sourceTree = "<group>";
		};
		D4AA3DA32D22B64200DA70F3 /* Products */ = {
			isa = PBXGroup;
			children = (
				D4AA3DA22D22B64200DA70F3 /* CyberGrid.app */,
				D486EDC02D6619B4003877EA /* CyberGridTests.xctest */,
			);
			name = Products;
			sourceTree = "<group>";
		};
/* End PBXGroup section */

/* Begin PBXNativeTarget section */
		D486EDBF2D6619B4003877EA /* CyberGridTests */ = {
			isa = PBXNativeTarget;
			buildConfigurationList = D486EDC82D6619B4003877EA /* Build configuration list for PBXNativeTarget "CyberGridTests" */;
			buildPhases = (
				D486EDBC2D6619B4003877EA /* Sources */,
				D486EDBD2D6619B4003877EA /* Frameworks */,
				D486EDBE2D6619B4003877EA /* Resources */,
			);
			buildRules = (
			);
			dependencies = (
				D486EDC52D6619B4003877EA /* PBXTargetDependency */,
			);
			fileSystemSynchronizedGroups = (
				D486EDC12D6619B4003877EA /* CyberGridTests */,
			);
			name = CyberGridTests;
			packageProductDependencies = (
			);
			productName = CyberGridTests;
			productReference = D486EDC02D6619B4003877EA /* CyberGridTests.xctest */;
			productType = "com.apple.product-type.bundle.unit-test";
		};
		D4AA3DA12D22B64200DA70F3 /* CyberGrid */ = {
			isa = PBXNativeTarget;
			buildConfigurationList = D4AA3DB52D22B64300DA70F3 /* Build configuration list for PBXNativeTarget "CyberGrid" */;
			buildPhases = (
				D4AA3D9E2D22B64200DA70F3 /* Sources */,
				D4AA3D9F2D22B64200DA70F3 /* Frameworks */,
				D4AA3DA02D22B64200DA70F3 /* Resources */,
			);
			buildRules = (
			);
			dependencies = (
			);
			fileSystemSynchronizedGroups = (
				D4AA3DA42D22B64200DA70F3 /* CyberGrid */,
			);
			name = CyberGrid;
			packageProductDependencies = (
				D435C3B62D64AF3700DE9121 /* OnboardKit */,
				D47F62F42DEF3A6F005C1716 /* GoogleMobileAds */,
				D49428C82DF0BE8800C94BDA /* GoogleUserMessagingPlatform */,
			);
			productName = CyberGrid;
			productReference = D4AA3DA22D22B64200DA70F3 /* CyberGrid.app */;
			productType = "com.apple.product-type.application";
		};
/* End PBXNativeTarget section */

/* Begin PBXProject section */
		D4AA3D9A2D22B64200DA70F3 /* Project object */ = {
			isa = PBXProject;
			attributes = {
				BuildIndependentTargetsInParallel = 1;
				LastSwiftUpdateCheck = 1620;
				LastUpgradeCheck = 1620;
				TargetAttributes = {
					D486EDBF2D6619B4003877EA = {
						CreatedOnToolsVersion = 16.2;
						TestTargetID = D4AA3DA12D22B64200DA70F3;
					};
					D4AA3DA12D22B64200DA70F3 = {
						CreatedOnToolsVersion = 16.2;
					};
				};
			};
			buildConfigurationList = D4AA3D9D2D22B64200DA70F3 /* Build configuration list for PBXProject "CyberGrid" */;
			developmentRegion = en;
			hasScannedForEncodings = 0;
			knownRegions = (
				en,
				Base,
			);
			mainGroup = D4AA3D992D22B64200DA70F3;
			minimizedProjectReferenceProxies = 1;
			packageReferences = (
				D435C3B52D64AF3700DE9121 /* XCRemoteSwiftPackageReference "OnboardKit" */,
				D47F62F32DEF3A6F005C1716 /* XCRemoteSwiftPackageReference "swift-package-manager-google-mobile-ads" */,
				D49428C72DF0BE8800C94BDA /* XCRemoteSwiftPackageReference "swift-package-manager-google-user-messaging-platform" */,
			);
			preferredProjectObjectVersion = 77;
			productRefGroup = D4AA3DA32D22B64200DA70F3 /* Products */;
			projectDirPath = "";
			projectRoot = "";
			targets = (
				D4AA3DA12D22B64200DA70F3 /* CyberGrid */,
				D486EDBF2D6619B4003877EA /* CyberGridTests */,
			);
		};
/* End PBXProject section */

/* Begin PBXResourcesBuildPhase section */
		D486EDBE2D6619B4003877EA /* Resources */ = {
			isa = PBXResourcesBuildPhase;
			buildActionMask = 2147483647;
			files = (
			);
			runOnlyForDeploymentPostprocessing = 0;
		};
		D4AA3DA02D22B64200DA70F3 /* Resources */ = {
			isa = PBXResourcesBuildPhase;
			buildActionMask = 2147483647;
			files = (
			);
			runOnlyForDeploymentPostprocessing = 0;
		};
/* End PBXResourcesBuildPhase section */

/* Begin PBXSourcesBuildPhase section */
		D486EDBC2D6619B4003877EA /* Sources */ = {
			isa = PBXSourcesBuildPhase;
			buildActionMask = 2147483647;
			files = (
			);
			runOnlyForDeploymentPostprocessing = 0;
		};
		D4AA3D9E2D22B64200DA70F3 /* Sources */ = {
			isa = PBXSourcesBuildPhase;
			buildActionMask = 2147483647;
			files = (
			);
			runOnlyForDeploymentPostprocessing = 0;
		};
/* End PBXSourcesBuildPhase section */

/* Begin PBXTargetDependency section */
		D486EDC52D6619B4003877EA /* PBXTargetDependency */ = {
			isa = PBXTargetDependency;
			target = D4AA3DA12D22B64200DA70F3 /* CyberGrid */;
			targetProxy = D486EDC42D6619B4003877EA /* PBXContainerItemProxy */;
		};
/* End PBXTargetDependency section */

/* Begin XCBuildConfiguration section */
		D486EDC62D6619B4003877EA /* Debug */ = {
			isa = XCBuildConfiguration;
			buildSettings = {
				BUNDLE_LOADER = "$(TEST_HOST)";
				CODE_SIGN_STYLE = Automatic;
				CURRENT_PROJECT_VERSION = 1;
				DEVELOPMENT_TEAM = SMY8BWM85J;
				GENERATE_INFOPLIST_FILE = YES;
				MARKETING_VERSION = 1.0;
				PRODUCT_BUNDLE_IDENTIFIER = com.haynoway.CyberGridTests;
				PRODUCT_NAME = "$(TARGET_NAME)";
				SWIFT_EMIT_LOC_STRINGS = NO;
				SWIFT_VERSION = 5.0;
				TARGETED_DEVICE_FAMILY = "1,2";
				TEST_HOST = "$(BUILT_PRODUCTS_DIR)/CyberGrid.app/$(BUNDLE_EXECUTABLE_FOLDER_PATH)/CyberGrid";
			};
			name = Debug;
		};
		D486EDC72D6619B4003877EA /* Release */ = {
			isa = XCBuildConfiguration;
			buildSettings = {
				BUNDLE_LOADER = "$(TEST_HOST)";
				CODE_SIGN_STYLE = Automatic;
				CURRENT_PROJECT_VERSION = 1;
				DEVELOPMENT_TEAM = SMY8BWM85J;
				GENERATE_INFOPLIST_FILE = YES;
				MARKETING_VERSION = 1.0;
				PRODUCT_BUNDLE_IDENTIFIER = com.haynoway.CyberGridTests;
				PRODUCT_NAME = "$(TARGET_NAME)";
				SWIFT_EMIT_LOC_STRINGS = NO;
				SWIFT_VERSION = 5.0;
				TARGETED_DEVICE_FAMILY = "1,2";
				TEST_HOST = "$(BUILT_PRODUCTS_DIR)/CyberGrid.app/$(BUNDLE_EXECUTABLE_FOLDER_PATH)/CyberGrid";
			};
			name = Release;
		};
		D4AA3DB62D22B64300DA70F3 /* Debug */ = {
			isa = XCBuildConfiguration;
			buildSettings = {
				ASSETCATALOG_COMPILER_APPICON_NAME = AppIcon;
				ASSETCATALOG_COMPILER_GLOBAL_ACCENT_COLOR_NAME = AccentColor;
				CODE_SIGN_ENTITLEMENTS = CyberGrid/CyberGrid.entitlements;
				CODE_SIGN_STYLE = Automatic;
				CURRENT_PROJECT_VERSION = 12;
				DEVELOPMENT_TEAM = SMY8BWM85J;
				GENERATE_INFOPLIST_FILE = YES;
				INFOPLIST_FILE = CyberGrid/Info.plist;
				INFOPLIST_KEY_CFBundleDisplayName = CyberGrid;
				INFOPLIST_KEY_LSApplicationCategoryType = "public.app-category.board-games";
				INFOPLIST_KEY_UIApplicationSupportsIndirectInputEvents = YES;
				INFOPLIST_KEY_UILaunchStoryboardName = LaunchScreen;
				INFOPLIST_KEY_UIMainStoryboardFile = Main;
				INFOPLIST_KEY_UIRequiresFullScreen = YES;
				INFOPLIST_KEY_UISupportedInterfaceOrientations = "UIInterfaceOrientationPortrait UIInterfaceOrientationPortraitUpsideDown";
				IPHONEOS_DEPLOYMENT_TARGET = 16.0;
				LD_RUNPATH_SEARCH_PATHS = (
					"$(inherited)",
					"@executable_path/Frameworks",
				);
				MARKETING_VERSION = 1.0;
				PRODUCT_BUNDLE_IDENTIFIER = com.haynoway.CyberGrid;
				PRODUCT_NAME = "$(TARGET_NAME)";
				SUPPORTED_PLATFORMS = "iphoneos iphonesimulator";
				SUPPORTS_MACCATALYST = NO;
				SUPPORTS_MAC_DESIGNED_FOR_IPHONE_IPAD = NO;
				SUPPORTS_XR_DESIGNED_FOR_IPHONE_IPAD = NO;
				SWIFT_EMIT_LOC_STRINGS = YES;
				SWIFT_VERSION = 5.0;
				TARGETED_DEVICE_FAMILY = "1,2";
			};
			name = Debug;
		};
		D4AA3DB72D22B64300DA70F3 /* Release */ = {
			isa = XCBuildConfiguration;
			buildSettings = {
				ASSETCATALOG_COMPILER_APPICON_NAME = AppIcon;
				ASSETCATALOG_COMPILER_GLOBAL_ACCENT_COLOR_NAME = AccentColor;
				CODE_SIGN_ENTITLEMENTS = CyberGrid/CyberGrid.entitlements;
				CODE_SIGN_STYLE = Automatic;
				CURRENT_PROJECT_VERSION = 12;
				DEVELOPMENT_TEAM = SMY8BWM85J;
				GENERATE_INFOPLIST_FILE = YES;
				INFOPLIST_FILE = CyberGrid/Info.plist;
				INFOPLIST_KEY_CFBundleDisplayName = CyberGrid;
				INFOPLIST_KEY_LSApplicationCategoryType = "public.app-category.board-games";
				INFOPLIST_KEY_UIApplicationSupportsIndirectInputEvents = YES;
				INFOPLIST_KEY_UILaunchStoryboardName = LaunchScreen;
				INFOPLIST_KEY_UIMainStoryboardFile = Main;
				INFOPLIST_KEY_UIRequiresFullScreen = YES;
				INFOPLIST_KEY_UISupportedInterfaceOrientations = "UIInterfaceOrientationPortrait UIInterfaceOrientationPortraitUpsideDown";
				IPHONEOS_DEPLOYMENT_TARGET = 16.0;
				LD_RUNPATH_SEARCH_PATHS = (
					"$(inherited)",
					"@executable_path/Frameworks",
				);
				MARKETING_VERSION = 1.0;
				PRODUCT_BUNDLE_IDENTIFIER = com.haynoway.CyberGrid;
				PRODUCT_NAME = "$(TARGET_NAME)";
				SUPPORTED_PLATFORMS = "iphoneos iphonesimulator";
				SUPPORTS_MACCATALYST = NO;
				SUPPORTS_MAC_DESIGNED_FOR_IPHONE_IPAD = NO;
				SUPPORTS_XR_DESIGNED_FOR_IPHONE_IPAD = NO;
				SWIFT_EMIT_LOC_STRINGS = YES;
				SWIFT_VERSION = 5.0;
				TARGETED_DEVICE_FAMILY = "1,2";
			};
			name = Release;
		};
		D4AA3DB82D22B64300DA70F3 /* Debug */ = {
			isa = XCBuildConfiguration;
			buildSettings = {
				ALWAYS_SEARCH_USER_PATHS = NO;
				ASSETCATALOG_COMPILER_GENERATE_SWIFT_ASSET_SYMBOL_EXTENSIONS = YES;
				CLANG_ANALYZER_NONNULL = YES;
				CLANG_ANALYZER_NUMBER_OBJECT_CONVERSION = YES_AGGRESSIVE;
				CLANG_CXX_LANGUAGE_STANDARD = "gnu++20";
				CLANG_ENABLE_MODULES = YES;
				CLANG_ENABLE_OBJC_ARC = YES;
				CLANG_ENABLE_OBJC_WEAK = YES;
				CLANG_WARN_BLOCK_CAPTURE_AUTORELEASING = YES;
				CLANG_WARN_BOOL_CONVERSION = YES;
				CLANG_WARN_COMMA = YES;
				CLANG_WARN_CONSTANT_CONVERSION = YES;
				CLANG_WARN_DEPRECATED_OBJC_IMPLEMENTATIONS = YES;
				CLANG_WARN_DIRECT_OBJC_ISA_USAGE = YES_ERROR;
				CLANG_WARN_DOCUMENTATION_COMMENTS = YES;
				CLANG_WARN_EMPTY_BODY = YES;
				CLANG_WARN_ENUM_CONVERSION = YES;
				CLANG_WARN_INFINITE_RECURSION = YES;
				CLANG_WARN_INT_CONVERSION = YES;
				CLANG_WARN_NON_LITERAL_NULL_CONVERSION = YES;
				CLANG_WARN_OBJC_IMPLICIT_RETAIN_SELF = YES;
				CLANG_WARN_OBJC_LITERAL_CONVERSION = YES;
				CLANG_WARN_OBJC_ROOT_CLASS = YES_ERROR;
				CLANG_WARN_QUOTED_INCLUDE_IN_FRAMEWORK_HEADER = YES;
				CLANG_WARN_RANGE_LOOP_ANALYSIS = YES;
				CLANG_WARN_STRICT_PROTOTYPES = YES;
				CLANG_WARN_SUSPICIOUS_MOVE = YES;
				CLANG_WARN_UNGUARDED_AVAILABILITY = YES_AGGRESSIVE;
				CLANG_WARN_UNREACHABLE_CODE = YES;
				CLANG_WARN__DUPLICATE_METHOD_MATCH = YES;
				COPY_PHASE_STRIP = NO;
				DEBUG_INFORMATION_FORMAT = dwarf;
				ENABLE_STRICT_OBJC_MSGSEND = YES;
				ENABLE_TESTABILITY = YES;
				ENABLE_USER_SCRIPT_SANDBOXING = YES;
				GCC_C_LANGUAGE_STANDARD = gnu17;
				GCC_DYNAMIC_NO_PIC = NO;
				GCC_NO_COMMON_BLOCKS = YES;
				GCC_OPTIMIZATION_LEVEL = 0;
				GCC_PREPROCESSOR_DEFINITIONS = (
					"DEBUG=1",
					"$(inherited)",
				);
				GCC_WARN_64_TO_32_BIT_CONVERSION = YES;
				GCC_WARN_ABOUT_RETURN_TYPE = YES_ERROR;
				GCC_WARN_UNDECLARED_SELECTOR = YES;
				GCC_WARN_UNINITIALIZED_AUTOS = YES_AGGRESSIVE;
				GCC_WARN_UNUSED_FUNCTION = YES;
				GCC_WARN_UNUSED_VARIABLE = YES;
				IPHONEOS_DEPLOYMENT_TARGET = 18.2;
				LOCALIZATION_PREFERS_STRING_CATALOGS = YES;
				MTL_ENABLE_DEBUG_INFO = INCLUDE_SOURCE;
				MTL_FAST_MATH = YES;
				ONLY_ACTIVE_ARCH = YES;
				SDKROOT = iphoneos;
				SWIFT_ACTIVE_COMPILATION_CONDITIONS = "DEBUG $(inherited)";
				SWIFT_OPTIMIZATION_LEVEL = "-Onone";
			};
			name = Debug;
		};
		D4AA3DB92D22B64300DA70F3 /* Release */ = {
			isa = XCBuildConfiguration;
			buildSettings = {
				ALWAYS_SEARCH_USER_PATHS = NO;
				ASSETCATALOG_COMPILER_GENERATE_SWIFT_ASSET_SYMBOL_EXTENSIONS = YES;
				CLANG_ANALYZER_NONNULL = YES;
				CLANG_ANALYZER_NUMBER_OBJECT_CONVERSION = YES_AGGRESSIVE;
				CLANG_CXX_LANGUAGE_STANDARD = "gnu++20";
				CLANG_ENABLE_MODULES = YES;
				CLANG_ENABLE_OBJC_ARC = YES;
				CLANG_ENABLE_OBJC_WEAK = YES;
				CLANG_WARN_BLOCK_CAPTURE_AUTORELEASING = YES;
				CLANG_WARN_BOOL_CONVERSION = YES;
				CLANG_WARN_COMMA = YES;
				CLANG_WARN_CONSTANT_CONVERSION = YES;
				CLANG_WARN_DEPRECATED_OBJC_IMPLEMENTATIONS = YES;
				CLANG_WARN_DIRECT_OBJC_ISA_USAGE = YES_ERROR;
				CLANG_WARN_DOCUMENTATION_COMMENTS = YES;
				CLANG_WARN_EMPTY_BODY = YES;
				CLANG_WARN_ENUM_CONVERSION = YES;
				CLANG_WARN_INFINITE_RECURSION = YES;
				CLANG_WARN_INT_CONVERSION = YES;
				CLANG_WARN_NON_LITERAL_NULL_CONVERSION = YES;
				CLANG_WARN_OBJC_IMPLICIT_RETAIN_SELF = YES;
				CLANG_WARN_OBJC_LITERAL_CONVERSION = YES;
				CLANG_WARN_OBJC_ROOT_CLASS = YES_ERROR;
				CLANG_WARN_QUOTED_INCLUDE_IN_FRAMEWORK_HEADER = YES;
				CLANG_WARN_RANGE_LOOP_ANALYSIS = YES;
				CLANG_WARN_STRICT_PROTOTYPES = YES;
				CLANG_WARN_SUSPICIOUS_MOVE = YES;
				CLANG_WARN_UNGUARDED_AVAILABILITY = YES_AGGRESSIVE;
				CLANG_WARN_UNREACHABLE_CODE = YES;
				CLANG_WARN__DUPLICATE_METHOD_MATCH = YES;
				COPY_PHASE_STRIP = NO;
				DEBUG_INFORMATION_FORMAT = "dwarf-with-dsym";
				ENABLE_NS_ASSERTIONS = NO;
				ENABLE_STRICT_OBJC_MSGSEND = YES;
				ENABLE_USER_SCRIPT_SANDBOXING = YES;
				GCC_C_LANGUAGE_STANDARD = gnu17;
				GCC_NO_COMMON_BLOCKS = YES;
				GCC_WARN_64_TO_32_BIT_CONVERSION = YES;
				GCC_WARN_ABOUT_RETURN_TYPE = YES_ERROR;
				GCC_WARN_UNDECLARED_SELECTOR = YES;
				GCC_WARN_UNINITIALIZED_AUTOS = YES_AGGRESSIVE;
				GCC_WARN_UNUSED_FUNCTION = YES;
				GCC_WARN_UNUSED_VARIABLE = YES;
				IPHONEOS_DEPLOYMENT_TARGET = 18.2;
				LOCALIZATION_PREFERS_STRING_CATALOGS = YES;
				MTL_ENABLE_DEBUG_INFO = NO;
				MTL_FAST_MATH = YES;
				SDKROOT = iphoneos;
				SWIFT_COMPILATION_MODE = wholemodule;
				VALIDATE_PRODUCT = YES;
			};
			name = Release;
		};
/* End XCBuildConfiguration section */

/* Begin XCConfigurationList section */
		D486EDC82D6619B4003877EA /* Build configuration list for PBXNativeTarget "CyberGridTests" */ = {
			isa = XCConfigurationList;
			buildConfigurations = (
				D486EDC62D6619B4003877EA /* Debug */,
				D486EDC72D6619B4003877EA /* Release */,
			);
			defaultConfigurationIsVisible = 0;
			defaultConfigurationName = Release;
		};
		D4AA3D9D2D22B64200DA70F3 /* Build configuration list for PBXProject "CyberGrid" */ = {
			isa = XCConfigurationList;
			buildConfigurations = (
				D4AA3DB82D22B64300DA70F3 /* Debug */,
				D4AA3DB92D22B64300DA70F3 /* Release */,
			);
			defaultConfigurationIsVisible = 0;
			defaultConfigurationName = Release;
		};
		D4AA3DB52D22B64300DA70F3 /* Build configuration list for PBXNativeTarget "CyberGrid" */ = {
			isa = XCConfigurationList;
			buildConfigurations = (
				D4AA3DB62D22B64300DA70F3 /* Debug */,
				D4AA3DB72D22B64300DA70F3 /* Release */,
			);
			defaultConfigurationIsVisible = 0;
			defaultConfigurationName = Release;
		};
/* End XCConfigurationList section */

/* Begin XCRemoteSwiftPackageReference section */
		D435C3B52D64AF3700DE9121 /* XCRemoteSwiftPackageReference "OnboardKit" */ = {
			isa = XCRemoteSwiftPackageReference;
			repositoryURL = "https://github.com/NikolaKirev/OnboardKit";
			requirement = {
				branch = master;
				kind = branch;
			};
		};
		D47F62F32DEF3A6F005C1716 /* XCRemoteSwiftPackageReference "swift-package-manager-google-mobile-ads" */ = {
			isa = XCRemoteSwiftPackageReference;
			repositoryURL = "https://github.com/googleads/swift-package-manager-google-mobile-ads.git";
			requirement = {
				kind = upToNextMajorVersion;
				minimumVersion = 12.5.0;
			};
		};
		D49428C72DF0BE8800C94BDA /* XCRemoteSwiftPackageReference "swift-package-manager-google-user-messaging-platform" */ = {
			isa = XCRemoteSwiftPackageReference;
			repositoryURL = "https://github.com/googleads/swift-package-manager-google-user-messaging-platform.git";
			requirement = {
				kind = upToNextMajorVersion;
				minimumVersion = 3.0.0;
			};
		};
/* End XCRemoteSwiftPackageReference section */

/* Begin XCSwiftPackageProductDependency section */
		D435C3B62D64AF3700DE9121 /* OnboardKit */ = {
			isa = XCSwiftPackageProductDependency;
			package = D435C3B52D64AF3700DE9121 /* XCRemoteSwiftPackageReference "OnboardKit" */;
			productName = OnboardKit;
		};
		D47F62F42DEF3A6F005C1716 /* GoogleMobileAds */ = {
			isa = XCSwiftPackageProductDependency;
			package = D47F62F32DEF3A6F005C1716 /* XCRemoteSwiftPackageReference "swift-package-manager-google-mobile-ads" */;
			productName = GoogleMobileAds;
		};
		D49428C82DF0BE8800C94BDA /* GoogleUserMessagingPlatform */ = {
			isa = XCSwiftPackageProductDependency;
			package = D49428C72DF0BE8800C94BDA /* XCRemoteSwiftPackageReference "swift-package-manager-google-user-messaging-platform" */;
			productName = GoogleUserMessagingPlatform;
		};
/* End XCSwiftPackageProductDependency section */
	};
	rootObject = D4AA3D9A2D22B64200DA70F3 /* Project object */;
}
